
Microsoft Visual Studio Solution File, Format Version 12.00
# Visual Studio Version 16
VisualStudioVersion = 16.0.29806.167
MinimumVisualStudioVersion = 10.0.40219.1
Project("{FAE04EC0-301F-11D3-BF4B-00C04F79EFBC}") = "hesapMakinesi(modernGUI)", "hesapMakinesi(modernGUI)\hesapMakinesi(modernGUI).csproj", "{93F19274-BB18-49F4-B08E-8AAB22702699}"
EndProject
Global
	GlobalSection(SolutionConfigurationPlatforms) = preSolution
		Debug|Any CPU = Debug|Any CPU
		Release|Any CPU = Release|Any CPU
	EndGlobalSection
	GlobalSection(ProjectConfigurationPlatforms) = postSolution
		{93F19274-BB18-49F4-B08E-8AAB22702699}.Debug|Any CPU.ActiveCfg = Debug|Any CPU
		{93F19274-BB18-49F4-B08E-8AAB22702699}.Debug|Any CPU.Build.0 = Debug|Any CPU
		{93F19274-BB18-49F4-B08E-8AAB22702699}.Release|Any CPU.ActiveCfg = Release|Any CPU
		{93F19274-BB18-49F4-B08E-8AAB22702699}.Release|Any CPU.Build.0 = Release|Any CPU
	EndGlobalSection
	GlobalSection(SolutionProperties) = preSolution
		HideSolutionNode = FALSE
	EndGlobalSection
	GlobalSection(ExtensibilityGlobals) = postSolution
		SolutionGuid = {DA85343F-0130-4E33-BAE3-8B2FA090E7E1}
	EndGlobalSection
EndGlobal
